// !$*UTF8*$!
{
	archiveVersion = 1;
	classes = {
	};
	objectVersion = 50;
	objects = {

/* Begin PBXBuildFile section */
		6939E7D525F028B9003D4C83 /* AppDelegate.swift in Sources */ = {isa = PBXBuildFile; fileRef = 6939E7D425F028B9003D4C83 /* AppDelegate.swift */; };
		6939E7D725F028B9003D4C83 /* SceneDelegate.swift in Sources */ = {isa = PBXBuildFile; fileRef = 6939E7D625F028B9003D4C83 /* SceneDelegate.swift */; };
		6939E7D925F028B9003D4C83 /* ViewController.swift in Sources */ = {isa = PBXBuildFile; fileRef = 6939E7D825F028B9003D4C83 /* ViewController.swift */; };
		6939E7DC25F028B9003D4C83 /* Main.storyboard in Resources */ = {isa = PBXBuildFile; fileRef = 6939E7DA25F028B9003D4C83 /* Main.storyboard */; };
		6939E7DE25F028BA003D4C83 /* Assets.xcassets in Resources */ = {isa = PBXBuildFile; fileRef = 6939E7DD25F028BA003D4C83 /* Assets.xcassets */; };
		6939E7E125F028BA003D4C83 /* LaunchScreen.storyboard in Resources */ = {isa = PBXBuildFile; fileRef = 6939E7DF25F028BA003D4C83 /* LaunchScreen.storyboard */; };
		6939E7EC25F028BB003D4C83 /* etanTests.swift in Sources */ = {isa = PBXBuildFile; fileRef = 6939E7EB25F028BB003D4C83 /* etanTests.swift */; };
		6939E7F725F028BB003D4C83 /* etanUITests.swift in Sources */ = {isa = PBXBuildFile; fileRef = 6939E7F625F028BB003D4C83 /* etanUITests.swift */; };
/* End PBXBuildFile section */

/* Begin PBXContainerItemProxy section */
		6939E7E825F028BB003D4C83 /* PBXContainerItemProxy */ = {
			isa = PBXContainerItemProxy;
			containerPortal = 6939E7C925F028B9003D4C83 /* Project object */;
			proxyType = 1;
			remoteGlobalIDString = 6939E7D025F028B9003D4C83;
			remoteInfo = etan;
		};
		6939E7F325F028BB003D4C83 /* PBXContainerItemProxy */ = {
			isa = PBXContainerItemProxy;
			containerPortal = 6939E7C925F028B9003D4C83 /* Project object */;
			proxyType = 1;
			remoteGlobalIDString = 6939E7D025F028B9003D4C83;
			remoteInfo = etan;
		};
/* End PBXContainerItemProxy section */

/* Begin PBXFileReference section */
		6939E7D125F028B9003D4C83 /* etan.app */ = {isa = PBXFileReference; explicitFileType = wrapper.application; includeInIndex = 0; path = etan.app; sourceTree = BUILT_PRODUCTS_DIR; };
		6939E7D425F028B9003D4C83 /* AppDelegate.swift */ = {isa = PBXFileReference; lastKnownFileType = sourcecode.swift; path = AppDelegate.swift; sourceTree = "<group>"; };
		6939E7D625F028B9003D4C83 /* SceneDelegate.swift */ = {isa = PBXFileReference; lastKnownFileType = sourcecode.swift; path = SceneDelegate.swift; sourceTree = "<group>"; };
		6939E7D825F028B9003D4C83 /* ViewController.swift */ = {isa = PBXFileReference; lastKnownFileType = sourcecode.swift; path = ViewController.swift; sourceTree = "<group>"; };
		6939E7DB25F028B9003D4C83 /* Base */ = {isa = PBXFileReference; lastKnownFileType = file.storyboard; name = Base; path = Base.lproj/Main.storyboard; sourceTree = "<group>"; };
		6939E7DD25F028BA003D4C83 /* Assets.xcassets */ = {isa = PBXFileReference; lastKnownFileType = folder.assetcatalog; path = Assets.xcassets; sourceTree = "<group>"; };
		6939E7E025F028BA003D4C83 /* Base */ = {isa = PBXFileReference; lastKnownFileType = file.storyboard; name = Base; path = Base.lproj/LaunchScreen.storyboard; sourceTree = "<group>"; };
		6939E7E225F028BA003D4C83 /* Info.plist */ = {isa = PBXFileReference; lastKnownFileType = text.plist.xml; path = Info.plist; sourceTree = "<group>"; };
		6939E7E725F028BB003D4C83 /* etanTests.xctest */ = {isa = PBXFileReference; explicitFileType = wrapper.cfbundle; includeInIndex = 0; path = etanTests.xctest; sourceTree = BUILT_PRODUCTS_DIR; };
		6939E7EB25F028BB003D4C83 /* etanTests.swift */ = {isa = PBXFileReference; lastKnownFileType = sourcecode.swift; path = etanTests.swift; sourceTree = "<group>"; };
		6939E7ED25F028BB003D4C83 /* Info.plist */ = {isa = PBXFileReference; lastKnownFileType = text.plist.xml; path = Info.plist; sourceTree = "<group>"; };
		6939E7F225F028BB003D4C83 /* etanUITests.xctest */ = {isa = PBXFileReference; explicitFileType = wrapper.cfbundle; includeInIndex = 0; path = etanUITests.xctest; sourceTree = BUILT_PRODUCTS_DIR; };
		6939E7F625F028BB003D4C83 /* etanUITests.swift */ = {isa = PBXFileReference; lastKnownFileType = sourcecode.swift; path = etanUITests.swift; sourceTree = "<group>"; };
		6939E7F825F028BB003D4C83 /* Info.plist */ = {isa = PBXFileReference; lastKnownFileType = text.plist.xml; path = Info.plist; sourceTree = "<group>"; };
/* End PBXFileReference section */

/* Begin PBXFrameworksBuildPhase section */
		6939E7CE25F028B9003D4C83 /* Frameworks */ = {
			isa = PBXFrameworksBuildPhase;
			buildActionMask = 2147483647;
			files = (
			);
			runOnlyForDeploymentPostprocessing = 0;
		};
		6939E7E425F028BB003D4C83 /* Frameworks */ = {
			isa = PBXFrameworksBuildPhase;
			buildActionMask = 2147483647;
			files = (
			);
			runOnlyForDeploymentPostprocessing = 0;
		};
		6939E7EF25F028BB003D4C83 /* Frameworks */ = {
			isa = PBXFrameworksBuildPhase;
			buildActionMask = 2147483647;
			files = (
			);
			runOnlyForDeploymentPostprocessing = 0;
		};
/* End PBXFrameworksBuildPhase section */

/* Begin PBXGroup section */
		6939E7C825F028B9003D4C83 = {
			isa = PBXGroup;
			children = (
				6939E7D325F028B9003D4C83 /* etan */,
				6939E7EA25F028BB003D4C83 /* etanTests */,
				6939E7F525F028BB003D4C83 /* etanUITests */,
				6939E7D225F028B9003D4C83 /* Products */,
			);
			sourceTree = "<group>";
		};
		6939E7D225F028B9003D4C83 /* Products */ = {
			isa = PBXGroup;
			children = (
				6939E7D125F028B9003D4C83 /* etan.app */,
				6939E7E725F028BB003D4C83 /* etanTests.xctest */,
				6939E7F225F028BB003D4C83 /* etanUITests.xctest */,
			);
			name = Products;
			sourceTree = "<group>";
		};
		6939E7D325F028B9003D4C83 /* etan */ = {
			isa = PBXGroup;
			children = (
				6939E7D425F028B9003D4C83 /* AppDelegate.swift */,
				6939E7D625F028B9003D4C83 /* SceneDelegate.swift */,
				6939E7D825F028B9003D4C83 /* ViewController.swift */,
				6939E7DA25F028B9003D4C83 /* Main.storyboard */,
				6939E7DD25F028BA003D4C83 /* Assets.xcassets */,
				6939E7DF25F028BA003D4C83 /* LaunchScreen.storyboard */,
				6939E7E225F028BA003D4C83 /* Info.plist */,
			);
			path = etan;
			sourceTree = "<group>";
		};
		6939E7EA25F028BB003D4C83 /* etanTests */ = {
			isa = PBXGroup;
			children = (
				6939E7EB25F028BB003D4C83 /* etanTests.swift */,
				6939E7ED25F028BB003D4C83 /* Info.plist */,
			);
			path = etanTests;
			sourceTree = "<group>";
		};
		6939E7F525F028BB003D4C83 /* etanUITests */ = {
			isa = PBXGroup;
			children = (
				6939E7F625F028BB003D4C83 /* etanUITests.swift */,
				6939E7F825F028BB003D4C83 /* Info.plist */,
			);
			path = etanUITests;
			sourceTree = "<group>";
		};
/* End PBXGroup section */

/* Begin PBXNativeTarget section */
		6939E7D025F028B9003D4C83 /* etan */ = {
			isa = PBXNativeTarget;
			buildConfigurationList = 6939E7FB25F028BB003D4C83 /* Build configuration list for PBXNativeTarget "etan" */;
			buildPhases = (
				6939E7CD25F028B9003D4C83 /* Sources */,
				6939E7CE25F028B9003D4C83 /* Frameworks */,
				6939E7CF25F028B9003D4C83 /* Resources */,
			);
			buildRules = (
			);
			dependencies = (
			);
			name = etan;
			productName = etan;
			productReference = 6939E7D125F028B9003D4C83 /* etan.app */;
			productType = "com.apple.product-type.application";
		};
		6939E7E625F028BB003D4C83 /* etanTests */ = {
			isa = PBXNativeTarget;
			buildConfigurationList = 6939E7FE25F028BB003D4C83 /* Build configuration list for PBXNativeTarget "etanTests" */;
			buildPhases = (
				6939E7E325F028BB003D4C83 /* Sources */,
				6939E7E425F028BB003D4C83 /* Frameworks */,
				6939E7E525F028BB003D4C83 /* Resources */,
			);
			buildRules = (
			);
			dependencies = (
				6939E7E925F028BB003D4C83 /* PBXTargetDependency */,
			);
			name = etanTests;
			productName = etanTests;
			productReference = 6939E7E725F028BB003D4C83 /* etanTests.xctest */;
			productType = "com.apple.product-type.bundle.unit-test";
		};
		6939E7F125F028BB003D4C83 /* etanUITests */ = {
			isa = PBXNativeTarget;
			buildConfigurationList = 6939E80125F028BB003D4C83 /* Build configuration list for PBXNativeTarget "etanUITests" */;
			buildPhases = (
				6939E7EE25F028BB003D4C83 /* Sources */,
				6939E7EF25F028BB003D4C83 /* Frameworks */,
				6939E7F025F028BB003D4C83 /* Resources */,
			);
			buildRules = (
			);
			dependencies = (
				6939E7F425F028BB003D4C83 /* PBXTargetDependency */,
			);
			name = etanUITests;
			productName = etanUITests;
			productReference = 6939E7F225F028BB003D4C83 /* etanUITests.xctest */;
			productType = "com.apple.product-type.bundle.ui-testing";
		};
/* End PBXNativeTarget section */

/* Begin PBXProject section */
		6939E7C925F028B9003D4C83 /* Project object */ = {
			isa = PBXProject;
			attributes = {
				LastSwiftUpdateCheck = 1240;
				LastUpgradeCheck = 1240;
				TargetAttributes = {
					6939E7D025F028B9003D4C83 = {
						CreatedOnToolsVersion = 12.4;
					};
					6939E7E625F028BB003D4C83 = {
						CreatedOnToolsVersion = 12.4;
						TestTargetID = 6939E7D025F028B9003D4C83;
					};
					6939E7F125F028BB003D4C83 = {
						CreatedOnToolsVersion = 12.4;
						TestTargetID = 6939E7D025F028B9003D4C83;
					};
				};
			};
			buildConfigurationList = 6939E7CC25F028B9003D4C83 /* Build configuration list for PBXProject "etan" */;
			compatibilityVersion = "Xcode 9.3";
			developmentRegion = en;
			hasScannedForEncodings = 0;
			knownRegions = (
				en,
				Base,
			);
			mainGroup = 6939E7C825F028B9003D4C83;
			productRefGroup = 6939E7D225F028B9003D4C83 /* Products */;
			projectDirPath = "";
			projectRoot = "";
			targets = (
				6939E7D025F028B9003D4C83 /* etan */,
				6939E7E625F028BB003D4C83 /* etanTests */,
				6939E7F125F028BB003D4C83 /* etanUITests */,
			);
		};
/* End PBXProject section */

/* Begin PBXResourcesBuildPhase section */
		6939E7CF25F028B9003D4C83 /* Resources */ = {
			isa = PBXResourcesBuildPhase;
			buildActionMask = 2147483647;
			files = (
				6939E7E125F028BA003D4C83 /* LaunchScreen.storyboard in Resources */,
				6939E7DE25F028BA003D4C83 /* Assets.xcassets in Resources */,
				6939E7DC25F028B9003D4C83 /* Main.storyboard in Resources */,
			);
			runOnlyForDeploymentPostprocessing = 0;
		};
		6939E7E525F028BB003D4C83 /* Resources */ = {
			isa = PBXResourcesBuildPhase;
			buildActionMask = 2147483647;
			files = (
			);
			runOnlyForDeploymentPostprocessing = 0;
		};
		6939E7F025F028BB003D4C83 /* Resources */ = {
			isa = PBXResourcesBuildPhase;
			buildActionMask = 2147483647;
			files = (
			);
			runOnlyForDeploymentPostprocessing = 0;
		};
/* End PBXResourcesBuildPhase section */

/* Begin PBXSourcesBuildPhase section */
		6939E7CD25F028B9003D4C83 /* Sources */ = {
			isa = PBXSourcesBuildPhase;
			buildActionMask = 2147483647;
			files = (
				6939E7D925F028B9003D4C83 /* ViewController.swift in Sources */,
				6939E7D525F028B9003D4C83 /* AppDelegate.swift in Sources */,
				6939E7D725F028B9003D4C83 /* SceneDelegate.swift in Sources */,
			);
			runOnlyForDeploymentPostprocessing = 0;
		};
		6939E7E325F028BB003D4C83 /* Sources */ = {
			isa = PBXSourcesBuildPhase;
			buildActionMask = 2147483647;
			files = (
				6939E7EC25F028BB003D4C83 /* etanTests.swift in Sources */,
			);
			runOnlyForDeploymentPostprocessing = 0;
		};
		6939E7EE25F028BB003D4C83 /* Sources */ = {
			isa = PBXSourcesBuildPhase;
			buildActionMask = 2147483647;
			files = (
				6939E7F725F028BB003D4C83 /* etanUITests.swift in Sources */,
			);
			runOnlyForDeploymentPostprocessing = 0;
		};
/* End PBXSourcesBuildPhase section */

/* Begin PBXTargetDependency section */
		6939E7E925F028BB003D4C83 /* PBXTargetDependency */ = {
			isa = PBXTargetDependency;
			target = 6939E7D025F028B9003D4C83 /* etan */;
			targetProxy = 6939E7E825F028BB003D4C83 /* PBXContainerItemProxy */;
		};
		6939E7F425F028BB003D4C83 /* PBXTargetDependency */ = {
			isa = PBXTargetDependency;
			target = 6939E7D025F028B9003D4C83 /* etan */;
			targetProxy = 6939E7F325F028BB003D4C83 /* PBXContainerItemProxy */;
		};
/* End PBXTargetDependency section */

/* Begin PBXVariantGroup section */
		6939E7DA25F028B9003D4C83 /* Main.storyboard */ = {
			isa = PBXVariantGroup;
			children = (
				6939E7DB25F028B9003D4C83 /* Base */,
			);
			name = Main.storyboard;
			sourceTree = "<group>";
		};
		6939E7DF25F028BA003D4C83 /* LaunchScreen.storyboard */ = {
			isa = PBXVariantGroup;
			children = (
				6939E7E025F028BA003D4C83 /* Base */,
			);
			name = LaunchScreen.storyboard;
			sourceTree = "<group>";
		};
/* End PBXVariantGroup section */

/* Begin XCBuildConfiguration section */
		6939E7F925F028BB003D4C83 /* Debug */ = {
			isa = XCBuildConfiguration;
			buildSettings = {
				ALWAYS_SEARCH_USER_PATHS = NO;
				CLANG_ANALYZER_NONNULL = YES;
				CLANG_ANALYZER_NUMBER_OBJECT_CONVERSION = YES_AGGRESSIVE;
				CLANG_CXX_LANGUAGE_STANDARD = "gnu++14";
				CLANG_CXX_LIBRARY = "libc++";
				CLANG_ENABLE_MODULES = YES;
				CLANG_ENABLE_OBJC_ARC = YES;
				CLANG_ENABLE_OBJC_WEAK = YES;
				CLANG_WARN_BLOCK_CAPTURE_AUTORELEASING = YES;
				CLANG_WARN_BOOL_CONVERSION = YES;
				CLANG_WARN_COMMA = YES;
				CLANG_WARN_CONSTANT_CONVERSION = YES;
				CLANG_WARN_DEPRECATED_OBJC_IMPLEMENTATIONS = YES;
				CLANG_WARN_DIRECT_OBJC_ISA_USAGE = YES_ERROR;
				CLANG_WARN_DOCUMENTATION_COMMENTS = YES;
				CLANG_WARN_EMPTY_BODY = YES;
				CLANG_WARN_ENUM_CONVERSION = YES;
				CLANG_WARN_INFINITE_RECURSION = YES;
				CLANG_WARN_INT_CONVERSION = YES;
				CLANG_WARN_NON_LITERAL_NULL_CONVERSION = YES;
				CLANG_WARN_OBJC_IMPLICIT_RETAIN_SELF = YES;
				CLANG_WARN_OBJC_LITERAL_CONVERSION = YES;
				CLANG_WARN_OBJC_ROOT_CLASS = YES_ERROR;
				CLANG_WARN_QUOTED_INCLUDE_IN_FRAMEWORK_HEADER = YES;
				CLANG_WARN_RANGE_LOOP_ANALYSIS = YES;
				CLANG_WARN_STRICT_PROTOTYPES = YES;
				CLANG_WARN_SUSPICIOUS_MOVE = YES;
				CLANG_WARN_UNGUARDED_AVAILABILITY = YES_AGGRESSIVE;
				CLANG_WARN_UNREACHABLE_CODE = YES;
				CLANG_WARN__DUPLICATE_METHOD_MATCH = YES;
				COPY_PHASE_STRIP = NO;
				DEBUG_INFORMATION_FORMAT = dwarf;
				ENABLE_STRICT_OBJC_MSGSEND = YES;
				ENABLE_TESTABILITY = YES;
				GCC_C_LANGUAGE_STANDARD = gnu11;
				GCC_DYNAMIC_NO_PIC = NO;
				GCC_NO_COMMON_BLOCKS = YES;
				GCC_OPTIMIZATION_LEVEL = 0;
				GCC_PREPROCESSOR_DEFINITIONS = (
					"DEBUG=1",
					"$(inherited)",
				);
				GCC_WARN_64_TO_32_BIT_CONVERSION = YES;
				GCC_WARN_ABOUT_RETURN_TYPE = YES_ERROR;
				GCC_WARN_UNDECLARED_SELECTOR = YES;
				GCC_WARN_UNINITIALIZED_AUTOS = YES_AGGRESSIVE;
				GCC_WARN_UNUSED_FUNCTION = YES;
				GCC_WARN_UNUSED_VARIABLE = YES;
				IPHONEOS_DEPLOYMENT_TARGET = 14.4;
				MTL_ENABLE_DEBUG_INFO = INCLUDE_SOURCE;
				MTL_FAST_MATH = YES;
				ONLY_ACTIVE_ARCH = YES;
				SDKROOT = iphoneos;
				SWIFT_ACTIVE_COMPILATION_CONDITIONS = DEBUG;
				SWIFT_OPTIMIZATION_LEVEL = "-Onone";
			};
			name = Debug;
		};
		6939E7FA25F028BB003D4C83 /* Release */ = {
			isa = XCBuildConfiguration;
			buildSettings = {
				ALWAYS_SEARCH_USER_PATHS = NO;
				CLANG_ANALYZER_NONNULL = YES;
				CLANG_ANALYZER_NUMBER_OBJECT_CONVERSION = YES_AGGRESSIVE;
				CLANG_CXX_LANGUAGE_STANDARD = "gnu++14";
				CLANG_CXX_LIBRARY = "libc++";
				CLANG_ENABLE_MODULES = YES;
				CLANG_ENABLE_OBJC_ARC = YES;
				CLANG_ENABLE_OBJC_WEAK = YES;
				CLANG_WARN_BLOCK_CAPTURE_AUTORELEASING = YES;
				CLANG_WARN_BOOL_CONVERSION = YES;
				CLANG_WARN_COMMA = YES;
				CLANG_WARN_CONSTANT_CONVERSION = YES;
				CLANG_WARN_DEPRECATED_OBJC_IMPLEMENTATIONS = YES;
				CLANG_WARN_DIRECT_OBJC_ISA_USAGE = YES_ERROR;
				CLANG_WARN_DOCUMENTATION_COMMENTS = YES;
				CLANG_WARN_EMPTY_BODY = YES;
				CLANG_WARN_ENUM_CONVERSION = YES;
				CLANG_WARN_INFINITE_RECURSION = YES;
				CLANG_WARN_INT_CONVERSION = YES;
				CLANG_WARN_NON_LITERAL_NULL_CONVERSION = YES;
				CLANG_WARN_OBJC_IMPLICIT_RETAIN_SELF = YES;
				CLANG_WARN_OBJC_LITERAL_CONVERSION = YES;
				CLANG_WARN_OBJC_ROOT_CLASS = YES_ERROR;
				CLANG_WARN_QUOTED_INCLUDE_IN_FRAMEWORK_HEADER = YES;
				CLANG_WARN_RANGE_LOOP_ANALYSIS = YES;
				CLANG_WARN_STRICT_PROTOTYPES = YES;
				CLANG_WARN_SUSPICIOUS_MOVE = YES;
				CLANG_WARN_UNGUARDED_AVAILABILITY = YES_AGGRESSIVE;
				CLANG_WARN_UNREACHABLE_CODE = YES;
				CLANG_WARN__DUPLICATE_METHOD_MATCH = YES;
				COPY_PHASE_STRIP = NO;
				DEBUG_INFORMATION_FORMAT = "dwarf-with-dsym";
				ENABLE_NS_ASSERTIONS = NO;
				ENABLE_STRICT_OBJC_MSGSEND = YES;
				GCC_C_LANGUAGE_STANDARD = gnu11;
				GCC_NO_COMMON_BLOCKS = YES;
				GCC_WARN_64_TO_32_BIT_CONVERSION = YES;
				GCC_WARN_ABOUT_RETURN_TYPE = YES_ERROR;
				GCC_WARN_UNDECLARED_SELECTOR = YES;
				GCC_WARN_UNINITIALIZED_AUTOS = YES_AGGRESSIVE;
				GCC_WARN_UNUSED_FUNCTION = YES;
				GCC_WARN_UNUSED_VARIABLE = YES;
				IPHONEOS_DEPLOYMENT_TARGET = 14.4;
				MTL_ENABLE_DEBUG_INFO = NO;
				MTL_FAST_MATH = YES;
				SDKROOT = iphoneos;
				SWIFT_COMPILATION_MODE = wholemodule;
				SWIFT_OPTIMIZATION_LEVEL = "-O";
				VALIDATE_PRODUCT = YES;
			};
			name = Release;
		};
		6939E7FC25F028BB003D4C83 /* Debug */ = {
			isa = XCBuildConfiguration;
			buildSettings = {
				ASSETCATALOG_COMPILER_APPICON_NAME = AppIcon;
				ASSETCATALOG_COMPILER_GLOBAL_ACCENT_COLOR_NAME = AccentColor;
				CODE_SIGN_STYLE = Automatic;
				INFOPLIST_FILE = etan/Info.plist;
				LD_RUNPATH_SEARCH_PATHS = (
					"$(inherited)",
					"@executable_path/Frameworks",
				);
				PRODUCT_BUNDLE_IDENTIFIER = com.stevenosse.etan;
				PRODUCT_NAME = "$(TARGET_NAME)";
				SWIFT_VERSION = 5.0;
				TARGETED_DEVICE_FAMILY = "1,2";
			};
			name = Debug;
		};
		6939E7FD25F028BB003D4C83 /* Release */ = {
			isa = XCBuildConfiguration;
			buildSettings = {
				ASSETCATALOG_COMPILER_APPICON_NAME = AppIcon;
				ASSETCATALOG_COMPILER_GLOBAL_ACCENT_COLOR_NAME = AccentColor;
				CODE_SIGN_STYLE = Automatic;
				INFOPLIST_FILE = etan/Info.plist;
				LD_RUNPATH_SEARCH_PATHS = (
					"$(inherited)",
					"@executable_path/Frameworks",
				);
				PRODUCT_BUNDLE_IDENTIFIER = com.stevenosse.etan;
				PRODUCT_NAME = "$(TARGET_NAME)";
				SWIFT_VERSION = 5.0;
				TARGETED_DEVICE_FAMILY = "1,2";
			};
			name = Release;
		};
		6939E7FF25F028BB003D4C83 /* Debug */ = {
			isa = XCBuildConfiguration;
			buildSettings = {
				ALWAYS_EMBED_SWIFT_STANDARD_LIBRARIES = YES;
				BUNDLE_LOADER = "$(TEST_HOST)";
				CODE_SIGN_STYLE = Automatic;
				INFOPLIST_FILE = etanTests/Info.plist;
				IPHONEOS_DEPLOYMENT_TARGET = 14.4;
				LD_RUNPATH_SEARCH_PATHS = (
					"$(inherited)",
					"@executable_path/Frameworks",
					"@loader_path/Frameworks",
				);
				PRODUCT_BUNDLE_IDENTIFIER = com.stevenosse.etanTests;
				PRODUCT_NAME = "$(TARGET_NAME)";
				SWIFT_VERSION = 5.0;
				TARGETED_DEVICE_FAMILY = "1,2";
				TEST_HOST = "$(BUILT_PRODUCTS_DIR)/etan.app/etan";
			};
			name = Debug;
		};
		6939E80025F028BB003D4C83 /* Release */ = {
			isa = XCBuildConfiguration;
			buildSettings = {
				ALWAYS_EMBED_SWIFT_STANDARD_LIBRARIES = YES;
				BUNDLE_LOADER = "$(TEST_HOST)";
				CODE_SIGN_STYLE = Automatic;
				INFOPLIST_FILE = etanTests/Info.plist;
				IPHONEOS_DEPLOYMENT_TARGET = 14.4;
				LD_RUNPATH_SEARCH_PATHS = (
					"$(inherited)",
					"@executable_path/Frameworks",
					"@loader_path/Frameworks",
				);
				PRODUCT_BUNDLE_IDENTIFIER = com.stevenosse.etanTests;
				PRODUCT_NAME = "$(TARGET_NAME)";
				SWIFT_VERSION = 5.0;
				TARGETED_DEVICE_FAMILY = "1,2";
				TEST_HOST = "$(BUILT_PRODUCTS_DIR)/etan.app/etan";
			};
			name = Release;
		};
		6939E80225F028BB003D4C83 /* Debug */ = {
			isa = XCBuildConfiguration;
			buildSettings = {
				ALWAYS_EMBED_SWIFT_STANDARD_LIBRARIES = YES;
				CODE_SIGN_STYLE = Automatic;
				INFOPLIST_FILE = etanUITests/Info.plist;
				LD_RUNPATH_SEARCH_PATHS = (
					"$(inherited)",
					"@executable_path/Frameworks",
					"@loader_path/Frameworks",
				);
				PRODUCT_BUNDLE_IDENTIFIER = com.stevenosse.etanUITests;
				PRODUCT_NAME = "$(TARGET_NAME)";
				SWIFT_VERSION = 5.0;
				TARGETED_DEVICE_FAMILY = "1,2";
				TEST_TARGET_NAME = etan;
			};
			name = Debug;
		};
		6939E80325F028BB003D4C83 /* Release */ = {
			isa = XCBuildConfiguration;
			buildSettings = {
				ALWAYS_EMBED_SWIFT_STANDARD_LIBRARIES = YES;
				CODE_SIGN_STYLE = Automatic;
				INFOPLIST_FILE = etanUITests/Info.plist;
				LD_RUNPATH_SEARCH_PATHS = (
					"$(inherited)",
					"@executable_path/Frameworks",
					"@loader_path/Frameworks",
				);
				PRODUCT_BUNDLE_IDENTIFIER = com.stevenosse.etanUITests;
				PRODUCT_NAME = "$(TARGET_NAME)";
				SWIFT_VERSION = 5.0;
				TARGETED_DEVICE_FAMILY = "1,2";
				TEST_TARGET_NAME = etan;
			};
			name = Release;
		};
/* End XCBuildConfiguration section */

/* Begin XCConfigurationList section */
		6939E7CC25F028B9003D4C83 /* Build configuration list for PBXProject "etan" */ = {
			isa = XCConfigurationList;
			buildConfigurations = (
				6939E7F925F028BB003D4C83 /* Debug */,
				6939E7FA25F028BB003D4C83 /* Release */,
			);
			defaultConfigurationIsVisible = 0;
			defaultConfigurationName = Release;
		};
		6939E7FB25F028BB003D4C83 /* Build configuration list for PBXNativeTarget "etan" */ = {
			isa = XCConfigurationList;
			buildConfigurations = (
				6939E7FC25F028BB003D4C83 /* Debug */,
				6939E7FD25F028BB003D4C83 /* Release */,
			);
			defaultConfigurationIsVisible = 0;
			defaultConfigurationName = Release;
		};
		6939E7FE25F028BB003D4C83 /* Build configuration list for PBXNativeTarget "etanTests" */ = {
			isa = XCConfigurationList;
			buildConfigurations = (
				6939E7FF25F028BB003D4C83 /* Debug */,
				6939E80025F028BB003D4C83 /* Release */,
			);
			defaultConfigurationIsVisible = 0;
			defaultConfigurationName = Release;
		};
		6939E80125F028BB003D4C83 /* Build configuration list for PBXNativeTarget "etanUITests" */ = {
			isa = XCConfigurationList;
			buildConfigurations = (
				6939E80225F028BB003D4C83 /* Debug */,
				6939E80325F028BB003D4C83 /* Release */,
			);
			defaultConfigurationIsVisible = 0;
			defaultConfigurationName = Release;
		};
/* End XCConfigurationList section */
	};
	rootObject = 6939E7C925F028B9003D4C83 /* Project object */;
}
